
Microsoft Visual Studio Solution File, Format Version 12.00
# Visual Studio Version 17
VisualStudioVersion = 17.0.31612.314
MinimumVisualStudioVersion = 10.0.40219.1
Project("{FAE04EC0-301F-11D3-BF4B-00C04F79EFBC}") = "CacheCollection", "CacheCollection\CacheCollection.csproj", "{37BA4A54-012A-4835-8C5B-878389248897}"
EndProject
Project("{2150E333-8FDC-42A3-9474-1A3956D46DE8}") = "Solution Items", "Solution Items", "{7DDF38E0-1FC1-4AFE-98A1-F067C6629849}"
	ProjectSection(SolutionItems) = preProject
		.editorconfig = .editorconfig
	EndProjectSection
EndProject
Global
	GlobalSection(SolutionConfigurationPlatforms) = preSolution
		Debug|Any CPU = Debug|Any CPU
		Release|Any CPU = Release|Any CPU
	EndGlobalSection
	GlobalSection(ProjectConfigurationPlatforms) = postSolution
		{37BA4A54-012A-4835-8C5B-878389248897}.Debug|Any CPU.ActiveCfg = Debug|Any CPU
		{37BA4A54-012A-4835-8C5B-878389248897}.Debug|Any CPU.Build.0 = Debug|Any CPU
		{37BA4A54-012A-4835-8C5B-878389248897}.Release|Any CPU.ActiveCfg = Release|Any CPU
		{37BA4A54-012A-4835-8C5B-878389248897}.Release|Any CPU.Build.0 = Release|Any CPU
	EndGlobalSection
	GlobalSection(SolutionProperties) = preSolution
		HideSolutionNode = FALSE
	EndGlobalSection
	GlobalSection(ExtensibilityGlobals) = postSolution
		SolutionGuid = {6BF2204F-FACE-43DD-A1B2-21CA85437757}
	EndGlobalSection
EndGlobal
